
Microsoft Visual Studio Solution File, Format Version 12.00
# Visual Studio Version 16
VisualStudioVersion = 16.0.29215.179
MinimumVisualStudioVersion = 10.0.40219.1
Project("{9A19103F-16F7-4668-BE54-9A1E7A4F7556}") = "PolishSpeechLibrary", "PolishSpeechLibrary\PolishSpeechLibrary.csproj", "{A8AF9302-26A3-4543-A693-A47DFBE91BF9}"
EndProject
Project("{9A19103F-16F7-4668-BE54-9A1E7A4F7556}") = "PolishSpeechLibrary.Tester", "PolishSpeechLibrary.Tester\PolishSpeechLibrary.Tester.csproj", "{C9C85728-A794-4C2E-AAC1-2E3648BB73D7}"
EndProject
Global
	GlobalSection(SolutionConfigurationPlatforms) = preSolution
		Debug|Any CPU = Debug|Any CPU
		Release|Any CPU = Release|Any CPU
	EndGlobalSection
	GlobalSection(ProjectConfigurationPlatforms) = postSolution
		{A8AF9302-26A3-4543-A693-A47DFBE91BF9}.Debug|Any CPU.ActiveCfg = Debug|Any CPU
		{A8AF9302-26A3-4543-A693-A47DFBE91BF9}.Debug|Any CPU.Build.0 = Debug|Any CPU
		{A8AF9302-26A3-4543-A693-A47DFBE91BF9}.Release|Any CPU.ActiveCfg = Release|Any CPU
		{A8AF9302-26A3-4543-A693-A47DFBE91BF9}.Release|Any CPU.Build.0 = Release|Any CPU
		{C9C85728-A794-4C2E-AAC1-2E3648BB73D7}.Debug|Any CPU.ActiveCfg = Debug|Any CPU
		{C9C85728-A794-4C2E-AAC1-2E3648BB73D7}.Debug|Any CPU.Build.0 = Debug|Any CPU
		{C9C85728-A794-4C2E-AAC1-2E3648BB73D7}.Release|Any CPU.ActiveCfg = Release|Any CPU
		{C9C85728-A794-4C2E-AAC1-2E3648BB73D7}.Release|Any CPU.Build.0 = Release|Any CPU
	EndGlobalSection
	GlobalSection(SolutionProperties) = preSolution
		HideSolutionNode = FALSE
	EndGlobalSection
	GlobalSection(ExtensibilityGlobals) = postSolution
		SolutionGuid = {D6DDAB32-669F-4BEB-BF23-C4EEC334EDDC}
	EndGlobalSection
EndGlobal
